github.com/lm317379829/gogram v0.0.0-20260513025402-bc650c0fd58e h1:xi/76vS36mD0Yk1/b+tpE+PBHedQfk4YRGEtYmt/luM=
github.com/lm317379829/gogram v0.0.0-20260513025402-bc650c0fd58e/go.mod h1:tHC1utX4VHx6jJ9S9JcctCJQflBaZy3i+C26gsqv0ts=
gopkg.in/check.v1 v0.0.0-20161208181325-20d25e280405 h1:yhCVgyC4o1eVCa2tZl7eS0r+SDo693bJlVdllGtEeKM=
gopkg.in/check.v1 v0.0.0-20161208181325-20d25e280405/go.mod h1:Co6ibVJAznAaIkqp8huTwlJQCZ016jof/cbN4VW5Yz0=
gopkg.in/yaml.v3 v3.0.1 h1:fxVm/GzAzEWqLHuvctI91KS9hhNmmWOoWu0XTYJS7CA=
gopkg.in/yaml.v3 v3.0.1/go.mod h1:K4uyk7z7BCEPqu6E+C64Yfv1cQ7kz7rIZviUmN+EgEM=
